// !$*UTF8*$!
{
	archiveVersion = 1;
	classes = {
	};
	objectVersion = 55;
	objects = {

/* Begin PBXBuildFile section */
		B135253828818C250096C77C /* NetworkManagerTests.swift in Sources */ = {isa = PBXBuildFile; fileRef = B135253728818C250096C77C /* NetworkManagerTests.swift */; };
		B135253A2881C5A50096C77C /* GalleryRepositoryTests.swift in Sources */ = {isa = PBXBuildFile; fileRef = B13525392881C5A50096C77C /* GalleryRepositoryTests.swift */; };
		B15C3FD42851F94A0012E81A /* AppDelegate.swift in Sources */ = {isa = PBXBuildFile; fileRef = B15C3FD32851F94A0012E81A /* AppDelegate.swift */; };
		B15C3FD62851F94A0012E81A /* SceneDelegate.swift in Sources */ = {isa = PBXBuildFile; fileRef = B15C3FD52851F94A0012E81A /* SceneDelegate.swift */; };
		B15C3FDB2851F94A0012E81A /* Main.storyboard in Resources */ = {isa = PBXBuildFile; fileRef = B15C3FD92851F94A0012E81A /* Main.storyboard */; };
		B15C3FDD2851F94B0012E81A /* Assets.xcassets in Resources */ = {isa = PBXBuildFile; fileRef = B15C3FDC2851F94B0012E81A /* Assets.xcassets */; };
		B15C3FE02851F94B0012E81A /* LaunchScreen.storyboard in Resources */ = {isa = PBXBuildFile; fileRef = B15C3FDE2851F94B0012E81A /* LaunchScreen.storyboard */; };
		B15C3FEB2851F94B0012E81A /* SearchViewModelTests.swift in Sources */ = {isa = PBXBuildFile; fileRef = B15C3FEA2851F94B0012E81A /* SearchViewModelTests.swift */; };
		B15C3FF52851F94B0012E81A /* ImageGalleryUITests.swift in Sources */ = {isa = PBXBuildFile; fileRef = B15C3FF42851F94B0012E81A /* ImageGalleryUITests.swift */; };
		B15C3FF72851F94B0012E81A /* ImageGalleryUITestsLaunchTests.swift in Sources */ = {isa = PBXBuildFile; fileRef = B15C3FF62851F94B0012E81A /* ImageGalleryUITestsLaunchTests.swift */; };
		B15C400D2851FA400012E81A /* EndPoints.swift in Sources */ = {isa = PBXBuildFile; fileRef = B15C40052851FA400012E81A /* EndPoints.swift */; };
		B15C400E2851FA400012E81A /* APIError.swift in Sources */ = {isa = PBXBuildFile; fileRef = B15C40062851FA400012E81A /* APIError.swift */; };
		B15C400F2851FA400012E81A /* NetworkManager.swift in Sources */ = {isa = PBXBuildFile; fileRef = B15C40072851FA400012E81A /* NetworkManager.swift */; };
		B15C40102851FA400012E81A /* ImageManager.swift in Sources */ = {isa = PBXBuildFile; fileRef = B15C40092851FA400012E81A /* ImageManager.swift */; };
		B15C40112851FA400012E81A /* ImageCacher.swift in Sources */ = {isa = PBXBuildFile; fileRef = B15C400A2851FA400012E81A /* ImageCacher.swift */; };
		B15C40122851FA400012E81A /* URLRequest+Extension.swift in Sources */ = {isa = PBXBuildFile; fileRef = B15C400B2851FA400012E81A /* URLRequest+Extension.swift */; };
		B15C40132851FA400012E81A /* ApiRequest.swift in Sources */ = {isa = PBXBuildFile; fileRef = B15C400C2851FA400012E81A /* ApiRequest.swift */; };
		B15C401B2851FCD10012E81A /* SearchViewController.swift in Sources */ = {isa = PBXBuildFile; fileRef = B15C40152851FCD10012E81A /* SearchViewController.swift */; };
		B15C401C2851FCD10012E81A /* PhotoRecord.swift in Sources */ = {isa = PBXBuildFile; fileRef = B15C40162851FCD10012E81A /* PhotoRecord.swift */; };
		B15C401D2851FCD10012E81A /* ImagesResponse.swift in Sources */ = {isa = PBXBuildFile; fileRef = B15C40172851FCD10012E81A /* ImagesResponse.swift */; };
		B15C401E2851FCD10012E81A /* SearchViewModel.swift in Sources */ = {isa = PBXBuildFile; fileRef = B15C40182851FCD10012E81A /* SearchViewModel.swift */; };
		B15C401F2851FCD10012E81A /* GalleryRepository.swift in Sources */ = {isa = PBXBuildFile; fileRef = B15C40192851FCD10012E81A /* GalleryRepository.swift */; };
		B15C40202851FCD10012E81A /* ViewStates.swift in Sources */ = {isa = PBXBuildFile; fileRef = B15C401A2851FCD10012E81A /* ViewStates.swift */; };
		B15C40252851FFB30012E81A /* ImageGalleryCollectionViewCell.swift in Sources */ = {isa = PBXBuildFile; fileRef = B15C40222851FFB30012E81A /* ImageGalleryCollectionViewCell.swift */; };
		B15C40262851FFB30012E81A /* ImageGalleryViewModel.swift in Sources */ = {isa = PBXBuildFile; fileRef = B15C40232851FFB30012E81A /* ImageGalleryViewModel.swift */; };
		B15C40272851FFB30012E81A /* ImageGalleryViewController.swift in Sources */ = {isa = PBXBuildFile; fileRef = B15C40242851FFB30012E81A /* ImageGalleryViewController.swift */; };
		B15C402A2852006F0012E81A /* AppCoordinator.swift in Sources */ = {isa = PBXBuildFile; fileRef = B15C40292852006F0012E81A /* AppCoordinator.swift */; };
		B15C4032285201410012E81A /* Constants.swift in Sources */ = {isa = PBXBuildFile; fileRef = B15C402D285201410012E81A /* Constants.swift */; };
		B15C4033285201410012E81A /* Localizable.strings in Resources */ = {isa = PBXBuildFile; fileRef = B15C402F285201410012E81A /* Localizable.strings */; };
		B15C403B285202780012E81A /* MockNetworkManager.swift in Sources */ = {isa = PBXBuildFile; fileRef = B15C4035285202780012E81A /* MockNetworkManager.swift */; };
		B15C403C285202780012E81A /* MockImageNetworkManager.swift in Sources */ = {isa = PBXBuildFile; fileRef = B15C4036285202780012E81A /* MockImageNetworkManager.swift */; };
		B15C403D285202780012E81A /* invalid_search_response.json in Resources */ = {isa = PBXBuildFile; fileRef = B15C4038285202780012E81A /* invalid_search_response.json */; };
		B15C403E285202780012E81A /* invalid_keyword_search_response.json in Resources */ = {isa = PBXBuildFile; fileRef = B15C4039285202780012E81A /* invalid_keyword_search_response.json */; };
		B15C403F285202780012E81A /* valid_keyword_search_response.json in Resources */ = {isa = PBXBuildFile; fileRef = B15C403A285202780012E81A /* valid_keyword_search_response.json */; };
		B15C40432852047A0012E81A /* GalleryViewModelTests.swift in Sources */ = {isa = PBXBuildFile; fileRef = B15C40422852047A0012E81A /* GalleryViewModelTests.swift */; };
		B1F606C1288550270066D85C /* UrlRequestTest.swift in Sources */ = {isa = PBXBuildFile; fileRef = B1F606C0288550270066D85C /* UrlRequestTest.swift */; };
		B1F606C3288550950066D85C /* ImageManagerTests.swift in Sources */ = {isa = PBXBuildFile; fileRef = B1F606C2288550950066D85C /* ImageManagerTests.swift */; };
		B1F606C9288552D50066D85C /* FakeGalleryRepository.swift in Sources */ = {isa = PBXBuildFile; fileRef = B1F606C8288552D50066D85C /* FakeGalleryRepository.swift */; };
		B1F606CB288552FC0066D85C /* FakeImageManager.swift in Sources */ = {isa = PBXBuildFile; fileRef = B1F606CA288552FC0066D85C /* FakeImageManager.swift */; };
/* End PBXBuildFile section */

/* Begin PBXContainerItemProxy section */
		B15C3FE72851F94B0012E81A /* PBXContainerItemProxy */ = {
			isa = PBXContainerItemProxy;
			containerPortal = B15C3FC82851F94A0012E81A /* Project object */;
			proxyType = 1;
			remoteGlobalIDString = B15C3FCF2851F94A0012E81A;
			remoteInfo = ImageGallery;
		};
		B15C3FF12851F94B0012E81A /* PBXContainerItemProxy */ = {
			isa = PBXContainerItemProxy;
			containerPortal = B15C3FC82851F94A0012E81A /* Project object */;
			proxyType = 1;
			remoteGlobalIDString = B15C3FCF2851F94A0012E81A;
			remoteInfo = ImageGallery;
		};
/* End PBXContainerItemProxy section */

/* Begin PBXFileReference section */
		B135253728818C250096C77C /* NetworkManagerTests.swift */ = {isa = PBXFileReference; lastKnownFileType = sourcecode.swift; path = NetworkManagerTests.swift; sourceTree = "<group>"; };
		B13525392881C5A50096C77C /* GalleryRepositoryTests.swift */ = {isa = PBXFileReference; lastKnownFileType = sourcecode.swift; path = GalleryRepositoryTests.swift; sourceTree = "<group>"; };
		B15C3FD02851F94A0012E81A /* ImageGallery.app */ = {isa = PBXFileReference; explicitFileType = wrapper.application; includeInIndex = 0; path = ImageGallery.app; sourceTree = BUILT_PRODUCTS_DIR; };
		B15C3FD32851F94A0012E81A /* AppDelegate.swift */ = {isa = PBXFileReference; lastKnownFileType = sourcecode.swift; path = AppDelegate.swift; sourceTree = "<group>"; };
		B15C3FD52851F94A0012E81A /* SceneDelegate.swift */ = {isa = PBXFileReference; lastKnownFileType = sourcecode.swift; path = SceneDelegate.swift; sourceTree = "<group>"; };
		B15C3FDA2851F94A0012E81A /* Base */ = {isa = PBXFileReference; lastKnownFileType = file.storyboard; name = Base; path = Base.lproj/Main.storyboard; sourceTree = "<group>"; };
		B15C3FDC2851F94B0012E81A /* Assets.xcassets */ = {isa = PBXFileReference; lastKnownFileType = folder.assetcatalog; path = Assets.xcassets; sourceTree = "<group>"; };
		B15C3FDF2851F94B0012E81A /* Base */ = {isa = PBXFileReference; lastKnownFileType = file.storyboard; name = Base; path = Base.lproj/LaunchScreen.storyboard; sourceTree = "<group>"; };
		B15C3FE12851F94B0012E81A /* Info.plist */ = {isa = PBXFileReference; lastKnownFileType = text.plist.xml; path = Info.plist; sourceTree = "<group>"; };
		B15C3FE62851F94B0012E81A /* ImageGalleryTests.xctest */ = {isa = PBXFileReference; explicitFileType = wrapper.cfbundle; includeInIndex = 0; path = ImageGalleryTests.xctest; sourceTree = BUILT_PRODUCTS_DIR; };
		B15C3FEA2851F94B0012E81A /* SearchViewModelTests.swift */ = {isa = PBXFileReference; lastKnownFileType = sourcecode.swift; path = SearchViewModelTests.swift; sourceTree = "<group>"; };
		B15C3FF02851F94B0012E81A /* ImageGalleryUITests.xctest */ = {isa = PBXFileReference; explicitFileType = wrapper.cfbundle; includeInIndex = 0; path = ImageGalleryUITests.xctest; sourceTree = BUILT_PRODUCTS_DIR; };
		B15C3FF42851F94B0012E81A /* ImageGalleryUITests.swift */ = {isa = PBXFileReference; lastKnownFileType = sourcecode.swift; path = ImageGalleryUITests.swift; sourceTree = "<group>"; };
		B15C3FF62851F94B0012E81A /* ImageGalleryUITestsLaunchTests.swift */ = {isa = PBXFileReference; lastKnownFileType = sourcecode.swift; path = ImageGalleryUITestsLaunchTests.swift; sourceTree = "<group>"; };
		B15C40052851FA400012E81A /* EndPoints.swift */ = {isa = PBXFileReference; fileEncoding = 4; lastKnownFileType = sourcecode.swift; path = EndPoints.swift; sourceTree = "<group>"; };
		B15C40062851FA400012E81A /* APIError.swift */ = {isa = PBXFileReference; fileEncoding = 4; lastKnownFileType = sourcecode.swift; path = APIError.swift; sourceTree = "<group>"; };
		B15C40072851FA400012E81A /* NetworkManager.swift */ = {isa = PBXFileReference; fileEncoding = 4; lastKnownFileType = sourcecode.swift; path = NetworkManager.swift; sourceTree = "<group>"; };
		B15C40092851FA400012E81A /* ImageManager.swift */ = {isa = PBXFileReference; fileEncoding = 4; lastKnownFileType = sourcecode.swift; path = ImageManager.swift; sourceTree = "<group>"; };
		B15C400A2851FA400012E81A /* ImageCacher.swift */ = {isa = PBXFileReference; fileEncoding = 4; lastKnownFileType = sourcecode.swift; path = ImageCacher.swift; sourceTree = "<group>"; };
		B15C400B2851FA400012E81A /* URLRequest+Extension.swift */ = {isa = PBXFileReference; fileEncoding = 4; lastKnownFileType = sourcecode.swift; path = "URLRequest+Extension.swift"; sourceTree = "<group>"; };
		B15C400C2851FA400012E81A /* ApiRequest.swift */ = {isa = PBXFileReference; fileEncoding = 4; lastKnownFileType = sourcecode.swift; path = ApiRequest.swift; sourceTree = "<group>"; };
		B15C40152851FCD10012E81A /* SearchViewController.swift */ = {isa = PBXFileReference; fileEncoding = 4; lastKnownFileType = sourcecode.swift; path = SearchViewController.swift; sourceTree = "<group>"; };
		B15C40162851FCD10012E81A /* PhotoRecord.swift */ = {isa = PBXFileReference; fileEncoding = 4; lastKnownFileType = sourcecode.swift; path = PhotoRecord.swift; sourceTree = "<group>"; };
		B15C40172851FCD10012E81A /* ImagesResponse.swift */ = {isa = PBXFileReference; fileEncoding = 4; lastKnownFileType = sourcecode.swift; path = ImagesResponse.swift; sourceTree = "<group>"; };
		B15C40182851FCD10012E81A /* SearchViewModel.swift */ = {isa = PBXFileReference; fileEncoding = 4; lastKnownFileType = sourcecode.swift; path = SearchViewModel.swift; sourceTree = "<group>"; };
		B15C40192851FCD10012E81A /* GalleryRepository.swift */ = {isa = PBXFileReference; fileEncoding = 4; lastKnownFileType = sourcecode.swift; path = GalleryRepository.swift; sourceTree = "<group>"; };
		B15C401A2851FCD10012E81A /* ViewStates.swift */ = {isa = PBXFileReference; fileEncoding = 4; lastKnownFileType = sourcecode.swift; path = ViewStates.swift; sourceTree = "<group>"; };
		B15C40222851FFB30012E81A /* ImageGalleryCollectionViewCell.swift */ = {isa = PBXFileReference; fileEncoding = 4; lastKnownFileType = sourcecode.swift; path = ImageGalleryCollectionViewCell.swift; sourceTree = "<group>"; };
		B15C40232851FFB30012E81A /* ImageGalleryViewModel.swift */ = {isa = PBXFileReference; fileEncoding = 4; lastKnownFileType = sourcecode.swift; path = ImageGalleryViewModel.swift; sourceTree = "<group>"; };
		B15C40242851FFB30012E81A /* ImageGalleryViewController.swift */ = {isa = PBXFileReference; fileEncoding = 4; lastKnownFileType = sourcecode.swift; path = ImageGalleryViewController.swift; sourceTree = "<group>"; };
		B15C40292852006F0012E81A /* AppCoordinator.swift */ = {isa = PBXFileReference; fileEncoding = 4; lastKnownFileType = sourcecode.swift; path = AppCoordinator.swift; sourceTree = "<group>"; };
		B15C402D285201410012E81A /* Constants.swift */ = {isa = PBXFileReference; fileEncoding = 4; lastKnownFileType = sourcecode.swift; path = Constants.swift; sourceTree = "<group>"; };
		B15C4030285201410012E81A /* en */ = {isa = PBXFileReference; lastKnownFileType = text.plist.strings; name = en; path = en.lproj/Localizable.strings; sourceTree = "<group>"; };
		B15C4035285202780012E81A /* MockNetworkManager.swift */ = {isa = PBXFileReference; fileEncoding = 4; lastKnownFileType = sourcecode.swift; path = MockNetworkManager.swift; sourceTree = "<group>"; };
		B15C4036285202780012E81A /* MockImageNetworkManager.swift */ = {isa = PBXFileReference; fileEncoding = 4; lastKnownFileType = sourcecode.swift; path = MockImageNetworkManager.swift; sourceTree = "<group>"; };
		B15C4038285202780012E81A /* invalid_search_response.json */ = {isa = PBXFileReference; fileEncoding = 4; lastKnownFileType = text.json; path = invalid_search_response.json; sourceTree = "<group>"; };
		B15C4039285202780012E81A /* invalid_keyword_search_response.json */ = {isa = PBXFileReference; fileEncoding = 4; lastKnownFileType = text.json; path = invalid_keyword_search_response.json; sourceTree = "<group>"; };
		B15C403A285202780012E81A /* valid_keyword_search_response.json */ = {isa = PBXFileReference; fileEncoding = 4; lastKnownFileType = text.json; path = valid_keyword_search_response.json; sourceTree = "<group>"; };
		B15C40422852047A0012E81A /* GalleryViewModelTests.swift */ = {isa = PBXFileReference; lastKnownFileType = sourcecode.swift; path = GalleryViewModelTests.swift; sourceTree = "<group>"; };
		B1F606C0288550270066D85C /* UrlRequestTest.swift */ = {isa = PBXFileReference; lastKnownFileType = sourcecode.swift; path = UrlRequestTest.swift; sourceTree = "<group>"; };
		B1F606C2288550950066D85C /* ImageManagerTests.swift */ = {isa = PBXFileReference; lastKnownFileType = sourcecode.swift; path = ImageManagerTests.swift; sourceTree = "<group>"; };
		B1F606C8288552D50066D85C /* FakeGalleryRepository.swift */ = {isa = PBXFileReference; lastKnownFileType = sourcecode.swift; path = FakeGalleryRepository.swift; sourceTree = "<group>"; };
		B1F606CA288552FC0066D85C /* FakeImageManager.swift */ = {isa = PBXFileReference; lastKnownFileType = sourcecode.swift; path = FakeImageManager.swift; sourceTree = "<group>"; };
/* End PBXFileReference section */

/* Begin PBXFrameworksBuildPhase section */
		B15C3FCD2851F94A0012E81A /* Frameworks */ = {
			isa = PBXFrameworksBuildPhase;
			buildActionMask = 2147483647;
			files = (
			);
			runOnlyForDeploymentPostprocessing = 0;
		};
		B15C3FE32851F94B0012E81A /* Frameworks */ = {
			isa = PBXFrameworksBuildPhase;
			buildActionMask = 2147483647;
			files = (
			);
			runOnlyForDeploymentPostprocessing = 0;
		};
		B15C3FED2851F94B0012E81A /* Frameworks */ = {
			isa = PBXFrameworksBuildPhase;
			buildActionMask = 2147483647;
			files = (
			);
			runOnlyForDeploymentPostprocessing = 0;
		};
/* End PBXFrameworksBuildPhase section */

/* Begin PBXGroup section */
		B15C3FC72851F94A0012E81A = {
			isa = PBXGroup;
			children = (
				B15C3FD22851F94A0012E81A /* ImageGallery */,
				B15C3FE92851F94B0012E81A /* ImageGalleryTests */,
				B15C3FF32851F94B0012E81A /* ImageGalleryUITests */,
				B15C3FD12851F94A0012E81A /* Products */,
			);
			sourceTree = "<group>";
		};
		B15C3FD12851F94A0012E81A /* Products */ = {
			isa = PBXGroup;
			children = (
				B15C3FD02851F94A0012E81A /* ImageGallery.app */,
				B15C3FE62851F94B0012E81A /* ImageGalleryTests.xctest */,
				B15C3FF02851F94B0012E81A /* ImageGalleryUITests.xctest */,
			);
			name = Products;
			sourceTree = "<group>";
		};
		B15C3FD22851F94A0012E81A /* ImageGallery */ = {
			isa = PBXGroup;
			children = (
				B15C402C285201410012E81A /* Utility */,
				B15C40032851FA030012E81A /* Modules */,
				B15C3FD32851F94A0012E81A /* AppDelegate.swift */,
				B15C3FD52851F94A0012E81A /* SceneDelegate.swift */,
				B15C3FD92851F94A0012E81A /* Main.storyboard */,
				B15C3FDC2851F94B0012E81A /* Assets.xcassets */,
				B15C3FDE2851F94B0012E81A /* LaunchScreen.storyboard */,
				B15C3FE12851F94B0012E81A /* Info.plist */,
			);
			path = ImageGallery;
			sourceTree = "<group>";
		};
		B15C3FE92851F94B0012E81A /* ImageGalleryTests */ = {
			isa = PBXGroup;
			children = (
				B1F606C62885519F0066D85C /* ViewModel */,
				B1F606BF28854FAE0066D85C /* Networking */,
				B1F606CC288553430066D85C /* Repository */,
			);
			path = ImageGalleryTests;
			sourceTree = "<group>";
		};
		B15C3FF32851F94B0012E81A /* ImageGalleryUITests */ = {
			isa = PBXGroup;
			children = (
				B15C3FF42851F94B0012E81A /* ImageGalleryUITests.swift */,
				B15C3FF62851F94B0012E81A /* ImageGalleryUITestsLaunchTests.swift */,
			);
			path = ImageGalleryUITests;
			sourceTree = "<group>";
		};
		B15C40032851FA030012E81A /* Modules */ = {
			isa = PBXGroup;
			children = (
				B15C40282852006F0012E81A /* Coordinator */,
				B15C40212851FFB30012E81A /* Gallery */,
				B15C40142851FCD10012E81A /* Search */,
				B15C40042851FA400012E81A /* Networking */,
			);
			path = Modules;
			sourceTree = "<group>";
		};
		B15C40042851FA400012E81A /* Networking */ = {
			isa = PBXGroup;
			children = (
				B15C40052851FA400012E81A /* EndPoints.swift */,
				B15C40062851FA400012E81A /* APIError.swift */,
				B15C40072851FA400012E81A /* NetworkManager.swift */,
				B15C40082851FA400012E81A /* ImageUtility */,
				B15C400B2851FA400012E81A /* URLRequest+Extension.swift */,
				B15C400C2851FA400012E81A /* ApiRequest.swift */,
			);
			path = Networking;
			sourceTree = "<group>";
		};
		B15C40082851FA400012E81A /* ImageUtility */ = {
			isa = PBXGroup;
			children = (
				B15C40092851FA400012E81A /* ImageManager.swift */,
				B15C400A2851FA400012E81A /* ImageCacher.swift */,
			);
			path = ImageUtility;
			sourceTree = "<group>";
		};
		B15C40142851FCD10012E81A /* Search */ = {
			isa = PBXGroup;
			children = (
				B15C40152851FCD10012E81A /* SearchViewController.swift */,
				B15C40162851FCD10012E81A /* PhotoRecord.swift */,
				B15C40172851FCD10012E81A /* ImagesResponse.swift */,
				B15C40182851FCD10012E81A /* SearchViewModel.swift */,
				B15C40192851FCD10012E81A /* GalleryRepository.swift */,
				B15C401A2851FCD10012E81A /* ViewStates.swift */,
			);
			name = Search;
			path = ImageGallery/Modules/Search;
			sourceTree = SOURCE_ROOT;
		};
		B15C40212851FFB30012E81A /* Gallery */ = {
			isa = PBXGroup;
			children = (
				B15C40222851FFB30012E81A /* ImageGalleryCollectionViewCell.swift */,
				B15C40232851FFB30012E81A /* ImageGalleryViewModel.swift */,
				B15C40242851FFB30012E81A /* ImageGalleryViewController.swift */,
			);
			path = Gallery;
			sourceTree = "<group>";
		};
		B15C40282852006F0012E81A /* Coordinator */ = {
			isa = PBXGroup;
			children = (
				B15C40292852006F0012E81A /* AppCoordinator.swift */,
			);
			path = Coordinator;
			sourceTree = "<group>";
		};
		B15C402C285201410012E81A /* Utility */ = {
			isa = PBXGroup;
			children = (
				B15C402D285201410012E81A /* Constants.swift */,
				B15C402E285201410012E81A /* Localization */,
			);
			path = Utility;
			sourceTree = "<group>";
		};
		B15C402E285201410012E81A /* Localization */ = {
			isa = PBXGroup;
			children = (
				B15C402F285201410012E81A /* Localizable.strings */,
			);
			path = Localization;
			sourceTree = "<group>";
		};
		B15C4034285202780012E81A /* Mock */ = {
			isa = PBXGroup;
			children = (
				B15C4036285202780012E81A /* MockImageNetworkManager.swift */,
			);
			path = Mock;
			sourceTree = "<group>";
		};
		B15C4037285202780012E81A /* json */ = {
			isa = PBXGroup;
			children = (
				B15C4038285202780012E81A /* invalid_search_response.json */,
				B15C4039285202780012E81A /* invalid_keyword_search_response.json */,
				B15C403A285202780012E81A /* valid_keyword_search_response.json */,
			);
			path = json;
			sourceTree = "<group>";
		};
		B1F606BF28854FAE0066D85C /* Networking */ = {
			isa = PBXGroup;
			children = (
				B15C4034285202780012E81A /* Mock */,
				B1F606C0288550270066D85C /* UrlRequestTest.swift */,
				B1F606C2288550950066D85C /* ImageManagerTests.swift */,
				B135253728818C250096C77C /* NetworkManagerTests.swift */,
			);
			path = Networking;
			sourceTree = "<group>";
		};
		B1F606C62885519F0066D85C /* ViewModel */ = {
			isa = PBXGroup;
			children = (
				B1F606C72885528C0066D85C /* FakeRepositories */,
				B15C3FEA2851F94B0012E81A /* SearchViewModelTests.swift */,
				B15C40422852047A0012E81A /* GalleryViewModelTests.swift */,
			);
			path = ViewModel;
			sourceTree = "<group>";
		};
		B1F606C72885528C0066D85C /* FakeRepositories */ = {
			isa = PBXGroup;
			children = (
				B1F606C8288552D50066D85C /* FakeGalleryRepository.swift */,
				B1F606CA288552FC0066D85C /* FakeImageManager.swift */,
			);
			path = FakeRepositories;
			sourceTree = "<group>";
		};
		B1F606CC288553430066D85C /* Repository */ = {
			isa = PBXGroup;
			children = (
				B1F606CD288553DB0066D85C /* Mock */,
				B15C4037285202780012E81A /* json */,
				B13525392881C5A50096C77C /* GalleryRepositoryTests.swift */,
			);
			path = Repository;
			sourceTree = "<group>";
		};
		B1F606CD288553DB0066D85C /* Mock */ = {
			isa = PBXGroup;
			children = (
				B15C4035285202780012E81A /* MockNetworkManager.swift */,
			);
			path = Mock;
			sourceTree = "<group>";
		};
/* End PBXGroup section */

/* Begin PBXNativeTarget section */
		B15C3FCF2851F94A0012E81A /* ImageGallery */ = {
			isa = PBXNativeTarget;
			buildConfigurationList = B15C3FFA2851F94B0012E81A /* Build configuration list for PBXNativeTarget "ImageGallery" */;
			buildPhases = (
				B15C3FCC2851F94A0012E81A /* Sources */,
				B15C3FCD2851F94A0012E81A /* Frameworks */,
				B15C3FCE2851F94A0012E81A /* Resources */,
			);
			buildRules = (
			);
			dependencies = (
			);
			name = ImageGallery;
			productName = ImageGallery;
			productReference = B15C3FD02851F94A0012E81A /* ImageGallery.app */;
			productType = "com.apple.product-type.application";
		};
		B15C3FE52851F94B0012E81A /* ImageGalleryTests */ = {
			isa = PBXNativeTarget;
			buildConfigurationList = B15C3FFD2851F94B0012E81A /* Build configuration list for PBXNativeTarget "ImageGalleryTests" */;
			buildPhases = (
				B15C3FE22851F94B0012E81A /* Sources */,
				B15C3FE32851F94B0012E81A /* Frameworks */,
				B15C3FE42851F94B0012E81A /* Resources */,
			);
			buildRules = (
			);
			dependencies = (
				B15C3FE82851F94B0012E81A /* PBXTargetDependency */,
			);
			name = ImageGalleryTests;
			productName = ImageGalleryTests;
			productReference = B15C3FE62851F94B0012E81A /* ImageGalleryTests.xctest */;
			productType = "com.apple.product-type.bundle.unit-test";
		};
		B15C3FEF2851F94B0012E81A /* ImageGalleryUITests */ = {
			isa = PBXNativeTarget;
			buildConfigurationList = B15C40002851F94B0012E81A /* Build configuration list for PBXNativeTarget "ImageGalleryUITests" */;
			buildPhases = (
				B15C3FEC2851F94B0012E81A /* Sources */,
				B15C3FED2851F94B0012E81A /* Frameworks */,
				B15C3FEE2851F94B0012E81A /* Resources */,
			);
			buildRules = (
			);
			dependencies = (
				B15C3FF22851F94B0012E81A /* PBXTargetDependency */,
			);
			name = ImageGalleryUITests;
			productName = ImageGalleryUITests;
			productReference = B15C3FF02851F94B0012E81A /* ImageGalleryUITests.xctest */;
			productType = "com.apple.product-type.bundle.ui-testing";
		};
/* End PBXNativeTarget section */

/* Begin PBXProject section */
		B15C3FC82851F94A0012E81A /* Project object */ = {
			isa = PBXProject;
			attributes = {
				BuildIndependentTargetsInParallel = 1;
				LastSwiftUpdateCheck = 1340;
				LastUpgradeCheck = 1340;
				TargetAttributes = {
					B15C3FCF2851F94A0012E81A = {
						CreatedOnToolsVersion = 13.4;
					};
					B15C3FE52851F94B0012E81A = {
						CreatedOnToolsVersion = 13.4;
						TestTargetID = B15C3FCF2851F94A0012E81A;
					};
					B15C3FEF2851F94B0012E81A = {
						CreatedOnToolsVersion = 13.4;
						TestTargetID = B15C3FCF2851F94A0012E81A;
					};
				};
			};
			buildConfigurationList = B15C3FCB2851F94A0012E81A /* Build configuration list for PBXProject "ImageGallery" */;
			compatibilityVersion = "Xcode 13.0";
			developmentRegion = en;
			hasScannedForEncodings = 0;
			knownRegions = (
				en,
				Base,
			);
			mainGroup = B15C3FC72851F94A0012E81A;
			productRefGroup = B15C3FD12851F94A0012E81A /* Products */;
			projectDirPath = "";
			projectRoot = "";
			targets = (
				B15C3FCF2851F94A0012E81A /* ImageGallery */,
				B15C3FE52851F94B0012E81A /* ImageGalleryTests */,
				B15C3FEF2851F94B0012E81A /* ImageGalleryUITests */,
			);
		};
/* End PBXProject section */

/* Begin PBXResourcesBuildPhase section */
		B15C3FCE2851F94A0012E81A /* Resources */ = {
			isa = PBXResourcesBuildPhase;
			buildActionMask = 2147483647;
			files = (
				B15C3FE02851F94B0012E81A /* LaunchScreen.storyboard in Resources */,
				B15C4033285201410012E81A /* Localizable.strings in Resources */,
				B15C3FDD2851F94B0012E81A /* Assets.xcassets in Resources */,
				B15C3FDB2851F94A0012E81A /* Main.storyboard in Resources */,
			);
			runOnlyForDeploymentPostprocessing = 0;
		};
		B15C3FE42851F94B0012E81A /* Resources */ = {
			isa = PBXResourcesBuildPhase;
			buildActionMask = 2147483647;
			files = (
				B15C403F285202780012E81A /* valid_keyword_search_response.json in Resources */,
				B15C403E285202780012E81A /* invalid_keyword_search_response.json in Resources */,
				B15C403D285202780012E81A /* invalid_search_response.json in Resources */,
			);
			runOnlyForDeploymentPostprocessing = 0;
		};
		B15C3FEE2851F94B0012E81A /* Resources */ = {
			isa = PBXResourcesBuildPhase;
			buildActionMask = 2147483647;
			files = (
			);
			runOnlyForDeploymentPostprocessing = 0;
		};
/* End PBXResourcesBuildPhase section */

/* Begin PBXSourcesBuildPhase section */
		B15C3FCC2851F94A0012E81A /* Sources */ = {
			isa = PBXSourcesBuildPhase;
			buildActionMask = 2147483647;
			files = (
				B15C400F2851FA400012E81A /* NetworkManager.swift in Sources */,
				B15C401C2851FCD10012E81A /* PhotoRecord.swift in Sources */,
				B15C401B2851FCD10012E81A /* SearchViewController.swift in Sources */,
				B15C40102851FA400012E81A /* ImageManager.swift in Sources */,
				B15C40272851FFB30012E81A /* ImageGalleryViewController.swift in Sources */,
				B15C3FD42851F94A0012E81A /* AppDelegate.swift in Sources */,
				B15C400D2851FA400012E81A /* EndPoints.swift in Sources */,
				B15C40112851FA400012E81A /* ImageCacher.swift in Sources */,
				B15C401E2851FCD10012E81A /* SearchViewModel.swift in Sources */,
				B15C400E2851FA400012E81A /* APIError.swift in Sources */,
				B15C40202851FCD10012E81A /* ViewStates.swift in Sources */,
				B15C402A2852006F0012E81A /* AppCoordinator.swift in Sources */,
				B15C40252851FFB30012E81A /* ImageGalleryCollectionViewCell.swift in Sources */,
				B15C40122851FA400012E81A /* URLRequest+Extension.swift in Sources */,
				B15C40132851FA400012E81A /* ApiRequest.swift in Sources */,
				B15C4032285201410012E81A /* Constants.swift in Sources */,
				B15C401D2851FCD10012E81A /* ImagesResponse.swift in Sources */,
				B15C401F2851FCD10012E81A /* GalleryRepository.swift in Sources */,
				B15C3FD62851F94A0012E81A /* SceneDelegate.swift in Sources */,
				B15C40262851FFB30012E81A /* ImageGalleryViewModel.swift in Sources */,
			);
			runOnlyForDeploymentPostprocessing = 0;
		};
		B15C3FE22851F94B0012E81A /* Sources */ = {
			isa = PBXSourcesBuildPhase;
			buildActionMask = 2147483647;
			files = (
				B135253A2881C5A50096C77C /* GalleryRepositoryTests.swift in Sources */,
				B1F606C1288550270066D85C /* UrlRequestTest.swift in Sources */,
				B135253828818C250096C77C /* NetworkManagerTests.swift in Sources */,
				B1F606C3288550950066D85C /* ImageManagerTests.swift in Sources */,
				B15C403C285202780012E81A /* MockImageNetworkManager.swift in Sources */,
				B15C40432852047A0012E81A /* GalleryViewModelTests.swift in Sources */,
				B15C403B285202780012E81A /* MockNetworkManager.swift in Sources */,
				B15C3FEB2851F94B0012E81A /* SearchViewModelTests.swift in Sources */,
				B1F606CB288552FC0066D85C /* FakeImageManager.swift in Sources */,
				B1F606C9288552D50066D85C /* FakeGalleryRepository.swift in Sources */,
			);
			runOnlyForDeploymentPostprocessing = 0;
		};
		B15C3FEC2851F94B0012E81A /* Sources */ = {
			isa = PBXSourcesBuildPhase;
			buildActionMask = 2147483647;
			files = (
				B15C3FF52851F94B0012E81A /* ImageGalleryUITests.swift in Sources */,
				B15C3FF72851F94B0012E81A /* ImageGalleryUITestsLaunchTests.swift in Sources */,
			);
			runOnlyForDeploymentPostprocessing = 0;
		};
/* End PBXSourcesBuildPhase section */

/* Begin PBXTargetDependency section */
		B15C3FE82851F94B0012E81A /* PBXTargetDependency */ = {
			isa = PBXTargetDependency;
			target = B15C3FCF2851F94A0012E81A /* ImageGallery */;
			targetProxy = B15C3FE72851F94B0012E81A /* PBXContainerItemProxy */;
		};
		B15C3FF22851F94B0012E81A /* PBXTargetDependency */ = {
			isa = PBXTargetDependency;
			target = B15C3FCF2851F94A0012E81A /* ImageGallery */;
			targetProxy = B15C3FF12851F94B0012E81A /* PBXContainerItemProxy */;
		};
/* End PBXTargetDependency section */

/* Begin PBXVariantGroup section */
		B15C3FD92851F94A0012E81A /* Main.storyboard */ = {
			isa = PBXVariantGroup;
			children = (
				B15C3FDA2851F94A0012E81A /* Base */,
			);
			name = Main.storyboard;
			sourceTree = "<group>";
		};
		B15C3FDE2851F94B0012E81A /* LaunchScreen.storyboard */ = {
			isa = PBXVariantGroup;
			children = (
				B15C3FDF2851F94B0012E81A /* Base */,
			);
			name = LaunchScreen.storyboard;
			sourceTree = "<group>";
		};
		B15C402F285201410012E81A /* Localizable.strings */ = {
			isa = PBXVariantGroup;
			children = (
				B15C4030285201410012E81A /* en */,
			);
			name = Localizable.strings;
			sourceTree = "<group>";
		};
/* End PBXVariantGroup section */

/* Begin XCBuildConfiguration section */
		B15C3FF82851F94B0012E81A /* Debug */ = {
			isa = XCBuildConfiguration;
			buildSettings = {
				ALWAYS_SEARCH_USER_PATHS = NO;
				CLANG_ANALYZER_NONNULL = YES;
				CLANG_ANALYZER_NUMBER_OBJECT_CONVERSION = YES_AGGRESSIVE;
				CLANG_CXX_LANGUAGE_STANDARD = "gnu++17";
				CLANG_ENABLE_MODULES = YES;
				CLANG_ENABLE_OBJC_ARC = YES;
				CLANG_ENABLE_OBJC_WEAK = YES;
				CLANG_WARN_BLOCK_CAPTURE_AUTORELEASING = YES;
				CLANG_WARN_BOOL_CONVERSION = YES;
				CLANG_WARN_COMMA = YES;
				CLANG_WARN_CONSTANT_CONVERSION = YES;
				CLANG_WARN_DEPRECATED_OBJC_IMPLEMENTATIONS = YES;
				CLANG_WARN_DIRECT_OBJC_ISA_USAGE = YES_ERROR;
				CLANG_WARN_DOCUMENTATION_COMMENTS = YES;
				CLANG_WARN_EMPTY_BODY = YES;
				CLANG_WARN_ENUM_CONVERSION = YES;
				CLANG_WARN_INFINITE_RECURSION = YES;
				CLANG_WARN_INT_CONVERSION = YES;
				CLANG_WARN_NON_LITERAL_NULL_CONVERSION = YES;
				CLANG_WARN_OBJC_IMPLICIT_RETAIN_SELF = YES;
				CLANG_WARN_OBJC_LITERAL_CONVERSION = YES;
				CLANG_WARN_OBJC_ROOT_CLASS = YES_ERROR;
				CLANG_WARN_QUOTED_INCLUDE_IN_FRAMEWORK_HEADER = YES;
				CLANG_WARN_RANGE_LOOP_ANALYSIS = YES;
				CLANG_WARN_STRICT_PROTOTYPES = YES;
				CLANG_WARN_SUSPICIOUS_MOVE = YES;
				CLANG_WARN_UNGUARDED_AVAILABILITY = YES_AGGRESSIVE;
				CLANG_WARN_UNREACHABLE_CODE = YES;
				CLANG_WARN__DUPLICATE_METHOD_MATCH = YES;
				COPY_PHASE_STRIP = NO;
				DEBUG_INFORMATION_FORMAT = dwarf;
				ENABLE_STRICT_OBJC_MSGSEND = YES;
				ENABLE_TESTABILITY = YES;
				GCC_C_LANGUAGE_STANDARD = gnu11;
				GCC_DYNAMIC_NO_PIC = NO;
				GCC_NO_COMMON_BLOCKS = YES;
				GCC_OPTIMIZATION_LEVEL = 0;
				GCC_PREPROCESSOR_DEFINITIONS = (
					"DEBUG=1",
					"$(inherited)",
				);
				GCC_WARN_64_TO_32_BIT_CONVERSION = YES;
				GCC_WARN_ABOUT_RETURN_TYPE = YES_ERROR;
				GCC_WARN_UNDECLARED_SELECTOR = YES;
				GCC_WARN_UNINITIALIZED_AUTOS = YES_AGGRESSIVE;
				GCC_WARN_UNUSED_FUNCTION = YES;
				GCC_WARN_UNUSED_VARIABLE = YES;
				IPHONEOS_DEPLOYMENT_TARGET = 15.5;
				MTL_ENABLE_DEBUG_INFO = INCLUDE_SOURCE;
				MTL_FAST_MATH = YES;
				ONLY_ACTIVE_ARCH = YES;
				SDKROOT = iphoneos;
				SWIFT_ACTIVE_COMPILATION_CONDITIONS = DEBUG;
				SWIFT_OPTIMIZATION_LEVEL = "-Onone";
			};
			name = Debug;
		};
		B15C3FF92851F94B0012E81A /* Release */ = {
			isa = XCBuildConfiguration;
			buildSettings = {
				ALWAYS_SEARCH_USER_PATHS = NO;
				CLANG_ANALYZER_NONNULL = YES;
				CLANG_ANALYZER_NUMBER_OBJECT_CONVERSION = YES_AGGRESSIVE;
				CLANG_CXX_LANGUAGE_STANDARD = "gnu++17";
				CLANG_ENABLE_MODULES = YES;
				CLANG_ENABLE_OBJC_ARC = YES;
				CLANG_ENABLE_OBJC_WEAK = YES;
				CLANG_WARN_BLOCK_CAPTURE_AUTORELEASING = YES;
				CLANG_WARN_BOOL_CONVERSION = YES;
				CLANG_WARN_COMMA = YES;
				CLANG_WARN_CONSTANT_CONVERSION = YES;
				CLANG_WARN_DEPRECATED_OBJC_IMPLEMENTATIONS = YES;
				CLANG_WARN_DIRECT_OBJC_ISA_USAGE = YES_ERROR;
				CLANG_WARN_DOCUMENTATION_COMMENTS = YES;
				CLANG_WARN_EMPTY_BODY = YES;
				CLANG_WARN_ENUM_CONVERSION = YES;
				CLANG_WARN_INFINITE_RECURSION = YES;
				CLANG_WARN_INT_CONVERSION = YES;
				CLANG_WARN_NON_LITERAL_NULL_CONVERSION = YES;
				CLANG_WARN_OBJC_IMPLICIT_RETAIN_SELF = YES;
				CLANG_WARN_OBJC_LITERAL_CONVERSION = YES;
				CLANG_WARN_OBJC_ROOT_CLASS = YES_ERROR;
				CLANG_WARN_QUOTED_INCLUDE_IN_FRAMEWORK_HEADER = YES;
				CLANG_WARN_RANGE_LOOP_ANALYSIS = YES;
				CLANG_WARN_STRICT_PROTOTYPES = YES;
				CLANG_WARN_SUSPICIOUS_MOVE = YES;
				CLANG_WARN_UNGUARDED_AVAILABILITY = YES_AGGRESSIVE;
				CLANG_WARN_UNREACHABLE_CODE = YES;
				CLANG_WARN__DUPLICATE_METHOD_MATCH = YES;
				COPY_PHASE_STRIP = NO;
				DEBUG_INFORMATION_FORMAT = "dwarf-with-dsym";
				ENABLE_NS_ASSERTIONS = NO;
				ENABLE_STRICT_OBJC_MSGSEND = YES;
				GCC_C_LANGUAGE_STANDARD = gnu11;
				GCC_NO_COMMON_BLOCKS = YES;
				GCC_WARN_64_TO_32_BIT_CONVERSION = YES;
				GCC_WARN_ABOUT_RETURN_TYPE = YES_ERROR;
				GCC_WARN_UNDECLARED_SELECTOR = YES;
				GCC_WARN_UNINITIALIZED_AUTOS = YES_AGGRESSIVE;
				GCC_WARN_UNUSED_FUNCTION = YES;
				GCC_WARN_UNUSED_VARIABLE = YES;
				IPHONEOS_DEPLOYMENT_TARGET = 15.5;
				MTL_ENABLE_DEBUG_INFO = NO;
				MTL_FAST_MATH = YES;
				SDKROOT = iphoneos;
				SWIFT_COMPILATION_MODE = wholemodule;
				SWIFT_OPTIMIZATION_LEVEL = "-O";
				VALIDATE_PRODUCT = YES;
			};
			name = Release;
		};
		B15C3FFB2851F94B0012E81A /* Debug */ = {
			isa = XCBuildConfiguration;
			buildSettings = {
				ASSETCATALOG_COMPILER_APPICON_NAME = AppIcon;
				ASSETCATALOG_COMPILER_GLOBAL_ACCENT_COLOR_NAME = AccentColor;
				CODE_SIGN_STYLE = Automatic;
				CURRENT_PROJECT_VERSION = 1;
				DEVELOPMENT_TEAM = 9DYXHH9ALF;
				GENERATE_INFOPLIST_FILE = YES;
				INFOPLIST_FILE = ImageGallery/Info.plist;
				INFOPLIST_KEY_UIApplicationSupportsIndirectInputEvents = YES;
				INFOPLIST_KEY_UILaunchStoryboardName = LaunchScreen;
				INFOPLIST_KEY_UIMainStoryboardFile = Main;
				INFOPLIST_KEY_UISupportedInterfaceOrientations_iPad = "UIInterfaceOrientationPortrait UIInterfaceOrientationPortraitUpsideDown UIInterfaceOrientationLandscapeLeft UIInterfaceOrientationLandscapeRight";
				INFOPLIST_KEY_UISupportedInterfaceOrientations_iPhone = "UIInterfaceOrientationPortrait UIInterfaceOrientationLandscapeLeft UIInterfaceOrientationLandscapeRight";
				LD_RUNPATH_SEARCH_PATHS = (
					"$(inherited)",
					"@executable_path/Frameworks",
				);
				MARKETING_VERSION = 1.0;
				PRODUCT_BUNDLE_IDENTIFIER = com.melvyn.ImageGallery;
				PRODUCT_NAME = "$(TARGET_NAME)";
				SWIFT_EMIT_LOC_STRINGS = YES;
				SWIFT_VERSION = 5.0;
				TARGETED_DEVICE_FAMILY = "1,2";
			};
			name = Debug;
		};
		B15C3FFC2851F94B0012E81A /* Release */ = {
			isa = XCBuildConfiguration;
			buildSettings = {
				ASSETCATALOG_COMPILER_APPICON_NAME = AppIcon;
				ASSETCATALOG_COMPILER_GLOBAL_ACCENT_COLOR_NAME = AccentColor;
				CODE_SIGN_STYLE = Automatic;
				CURRENT_PROJECT_VERSION = 1;
				DEVELOPMENT_TEAM = 9DYXHH9ALF;
				GENERATE_INFOPLIST_FILE = YES;
				INFOPLIST_FILE = ImageGallery/Info.plist;
				INFOPLIST_KEY_UIApplicationSupportsIndirectInputEvents = YES;
				INFOPLIST_KEY_UILaunchStoryboardName = LaunchScreen;
				INFOPLIST_KEY_UIMainStoryboardFile = Main;
				INFOPLIST_KEY_UISupportedInterfaceOrientations_iPad = "UIInterfaceOrientationPortrait UIInterfaceOrientationPortraitUpsideDown UIInterfaceOrientationLandscapeLeft UIInterfaceOrientationLandscapeRight";
				INFOPLIST_KEY_UISupportedInterfaceOrientations_iPhone = "UIInterfaceOrientationPortrait UIInterfaceOrientationLandscapeLeft UIInterfaceOrientationLandscapeRight";
				LD_RUNPATH_SEARCH_PATHS = (
					"$(inherited)",
					"@executable_path/Frameworks",
				);
				MARKETING_VERSION = 1.0;
				PRODUCT_BUNDLE_IDENTIFIER = com.melvyn.ImageGallery;
				PRODUCT_NAME = "$(TARGET_NAME)";
				SWIFT_EMIT_LOC_STRINGS = YES;
				SWIFT_VERSION = 5.0;
				TARGETED_DEVICE_FAMILY = "1,2";
			};
			name = Release;
		};
		B15C3FFE2851F94B0012E81A /* Debug */ = {
			isa = XCBuildConfiguration;
			buildSettings = {
				ALWAYS_EMBED_SWIFT_STANDARD_LIBRARIES = YES;
				BUNDLE_LOADER = "$(TEST_HOST)";
				CODE_SIGN_STYLE = Automatic;
				CURRENT_PROJECT_VERSION = 1;
				DEVELOPMENT_TEAM = 9DYXHH9ALF;
				GENERATE_INFOPLIST_FILE = YES;
				IPHONEOS_DEPLOYMENT_TARGET = 15.5;
				MARKETING_VERSION = 1.0;
				PRODUCT_BUNDLE_IDENTIFIER = com.melvyn.ImageGalleryTests;
				PRODUCT_NAME = "$(TARGET_NAME)";
				SWIFT_EMIT_LOC_STRINGS = NO;
				SWIFT_VERSION = 5.0;
				TARGETED_DEVICE_FAMILY = "1,2";
				TEST_HOST = "$(BUILT_PRODUCTS_DIR)/ImageGallery.app/ImageGallery";
			};
			name = Debug;
		};
		B15C3FFF2851F94B0012E81A /* Release */ = {
			isa = XCBuildConfiguration;
			buildSettings = {
				ALWAYS_EMBED_SWIFT_STANDARD_LIBRARIES = YES;
				BUNDLE_LOADER = "$(TEST_HOST)";
				CODE_SIGN_STYLE = Automatic;
				CURRENT_PROJECT_VERSION = 1;
				DEVELOPMENT_TEAM = 9DYXHH9ALF;
				GENERATE_INFOPLIST_FILE = YES;
				IPHONEOS_DEPLOYMENT_TARGET = 15.5;
				MARKETING_VERSION = 1.0;
				PRODUCT_BUNDLE_IDENTIFIER = com.melvyn.ImageGalleryTests;
				PRODUCT_NAME = "$(TARGET_NAME)";
				SWIFT_EMIT_LOC_STRINGS = NO;
				SWIFT_VERSION = 5.0;
				TARGETED_DEVICE_FAMILY = "1,2";
				TEST_HOST = "$(BUILT_PRODUCTS_DIR)/ImageGallery.app/ImageGallery";
			};
			name = Release;
		};
		B15C40012851F94B0012E81A /* Debug */ = {
			isa = XCBuildConfiguration;
			buildSettings = {
				ALWAYS_EMBED_SWIFT_STANDARD_LIBRARIES = YES;
				CODE_SIGN_STYLE = Automatic;
				CURRENT_PROJECT_VERSION = 1;
				DEVELOPMENT_TEAM = 9DYXHH9ALF;
				GENERATE_INFOPLIST_FILE = YES;
				MARKETING_VERSION = 1.0;
				PRODUCT_BUNDLE_IDENTIFIER = com.melvyn.ImageGalleryUITests;
				PRODUCT_NAME = "$(TARGET_NAME)";
				SWIFT_EMIT_LOC_STRINGS = NO;
				SWIFT_VERSION = 5.0;
				TARGETED_DEVICE_FAMILY = "1,2";
				TEST_TARGET_NAME = ImageGallery;
			};
			name = Debug;
		};
		B15C40022851F94B0012E81A /* Release */ = {
			isa = XCBuildConfiguration;
			buildSettings = {
				ALWAYS_EMBED_SWIFT_STANDARD_LIBRARIES = YES;
				CODE_SIGN_STYLE = Automatic;
				CURRENT_PROJECT_VERSION = 1;
				DEVELOPMENT_TEAM = 9DYXHH9ALF;
				GENERATE_INFOPLIST_FILE = YES;
				MARKETING_VERSION = 1.0;
				PRODUCT_BUNDLE_IDENTIFIER = com.melvyn.ImageGalleryUITests;
				PRODUCT_NAME = "$(TARGET_NAME)";
				SWIFT_EMIT_LOC_STRINGS = NO;
				SWIFT_VERSION = 5.0;
				TARGETED_DEVICE_FAMILY = "1,2";
				TEST_TARGET_NAME = ImageGallery;
			};
			name = Release;
		};
/* End XCBuildConfiguration section */

/* Begin XCConfigurationList section */
		B15C3FCB2851F94A0012E81A /* Build configuration list for PBXProject "ImageGallery" */ = {
			isa = XCConfigurationList;
			buildConfigurations = (
				B15C3FF82851F94B0012E81A /* Debug */,
				B15C3FF92851F94B0012E81A /* Release */,
			);
			defaultConfigurationIsVisible = 0;
			defaultConfigurationName = Release;
		};
		B15C3FFA2851F94B0012E81A /* Build configuration list for PBXNativeTarget "ImageGallery" */ = {
			isa = XCConfigurationList;
			buildConfigurations = (
				B15C3FFB2851F94B0012E81A /* Debug */,
				B15C3FFC2851F94B0012E81A /* Release */,
			);
			defaultConfigurationIsVisible = 0;
			defaultConfigurationName = Release;
		};
		B15C3FFD2851F94B0012E81A /* Build configuration list for PBXNativeTarget "ImageGalleryTests" */ = {
			isa = XCConfigurationList;
			buildConfigurations = (
				B15C3FFE2851F94B0012E81A /* Debug */,
				B15C3FFF2851F94B0012E81A /* Release */,
			);
			defaultConfigurationIsVisible = 0;
			defaultConfigurationName = Release;
		};
		B15C40002851F94B0012E81A /* Build configuration list for PBXNativeTarget "ImageGalleryUITests" */ = {
			isa = XCConfigurationList;
			buildConfigurations = (
				B15C40012851F94B0012E81A /* Debug */,
				B15C40022851F94B0012E81A /* Release */,
			);
			defaultConfigurationIsVisible = 0;
			defaultConfigurationName = Release;
		};
/* End XCConfigurationList section */
	};
	rootObject = B15C3FC82851F94A0012E81A /* Project object */;
}
